
Microsoft Visual Studio Solution File, Format Version 12.00
# Visual Studio Version 17
VisualStudioVersion = 17.4.32804.182
MinimumVisualStudioVersion = 10.0.40219.1
Project("{FAE04EC0-301F-11D3-BF4B-00C04F79EFBC}") = "WebAppDocker", "WebAppDocker\WebAppDocker.csproj", "{D74B301F-351F-4038-B9DC-2CE529A8A960}"
EndProject
Global
	GlobalSection(SolutionConfigurationPlatforms) = preSolution
		Debug|Any CPU = Debug|Any CPU
		Release|Any CPU = Release|Any CPU
	EndGlobalSection
	GlobalSection(ProjectConfigurationPlatforms) = postSolution
		{D74B301F-351F-4038-B9DC-2CE529A8A960}.Debug|Any CPU.ActiveCfg = Debug|Any CPU
		{D74B301F-351F-4038-B9DC-2CE529A8A960}.Debug|Any CPU.Build.0 = Debug|Any CPU
		{D74B301F-351F-4038-B9DC-2CE529A8A960}.Release|Any CPU.ActiveCfg = Release|Any CPU
		{D74B301F-351F-4038-B9DC-2CE529A8A960}.Release|Any CPU.Build.0 = Release|Any CPU
	EndGlobalSection
	GlobalSection(SolutionProperties) = preSolution
		HideSolutionNode = FALSE
	EndGlobalSection
	GlobalSection(ExtensibilityGlobals) = postSolution
		SolutionGuid = {C589F8DB-853A-4CD6-B428-C62471E4EBFC}
	EndGlobalSection
EndGlobal
